
Microsoft Visual Studio Solution File, Format Version 12.00
# Visual Studio Version 17
VisualStudioVersion = 17.11.35327.3
MinimumVisualStudioVersion = 10.0.40219.1
Project("{FAE04EC0-301F-11D3-BF4B-00C04F79EFBC}") = "BlazorAppHelloWorld", "BlazorAppHelloWorld\BlazorAppHelloWorld.csproj", "{D602E10B-87C6-48F2-8A78-5FFC3FE87B20}"
EndProject
Global
	GlobalSection(SolutionConfigurationPlatforms) = preSolution
		Debug|Any CPU = Debug|Any CPU
		Release|Any CPU = Release|Any CPU
	EndGlobalSection
	GlobalSection(ProjectConfigurationPlatforms) = postSolution
		{D602E10B-87C6-48F2-8A78-5FFC3FE87B20}.Debug|Any CPU.ActiveCfg = Debug|Any CPU
		{D602E10B-87C6-48F2-8A78-5FFC3FE87B20}.Debug|Any CPU.Build.0 = Debug|Any CPU
		{D602E10B-87C6-48F2-8A78-5FFC3FE87B20}.Release|Any CPU.ActiveCfg = Release|Any CPU
		{D602E10B-87C6-48F2-8A78-5FFC3FE87B20}.Release|Any CPU.Build.0 = Release|Any CPU
	EndGlobalSection
	GlobalSection(SolutionProperties) = preSolution
		HideSolutionNode = FALSE
	EndGlobalSection
	GlobalSection(ExtensibilityGlobals) = postSolution
		SolutionGuid = {E6FF2664-0FDC-4FC6-83AF-7447D6B85D7A}
	EndGlobalSection
EndGlobal
